// !$*UTF8*$!
{
	archiveVersion = 1;
	classes = {
	};
	objectVersion = 46;
	objects = {

/* Begin PBXBuildFile section */
		847167801E86DC30006C706C /* AppDelegate.swift in Sources */ = {isa = PBXBuildFile; fileRef = 8471677F1E86DC30006C706C /* AppDelegate.swift */; };
		847167821E86DC30006C706C /* ViewController.swift in Sources */ = {isa = PBXBuildFile; fileRef = 847167811E86DC30006C706C /* ViewController.swift */; };
		847167851E86DC30006C706C /* Main.storyboard in Resources */ = {isa = PBXBuildFile; fileRef = 847167831E86DC30006C706C /* Main.storyboard */; };
		847167881E86DC30006C706C /* CalculateFee.xcdatamodeld in Sources */ = {isa = PBXBuildFile; fileRef = 847167861E86DC30006C706C /* CalculateFee.xcdatamodeld */; };
		8471678A1E86DC30006C706C /* Assets.xcassets in Resources */ = {isa = PBXBuildFile; fileRef = 847167891E86DC30006C706C /* Assets.xcassets */; };
		8471678D1E86DC30006C706C /* LaunchScreen.storyboard in Resources */ = {isa = PBXBuildFile; fileRef = 8471678B1E86DC30006C706C /* LaunchScreen.storyboard */; };
/* End PBXBuildFile section */

/* Begin PBXFileReference section */
		8471677C1E86DC30006C706C /* CalculateFee.app */ = {isa = PBXFileReference; explicitFileType = wrapper.application; includeInIndex = 0; path = CalculateFee.app; sourceTree = BUILT_PRODUCTS_DIR; };
		8471677F1E86DC30006C706C /* AppDelegate.swift */ = {isa = PBXFileReference; lastKnownFileType = sourcecode.swift; path = AppDelegate.swift; sourceTree = "<group>"; };
		847167811E86DC30006C706C /* ViewController.swift */ = {isa = PBXFileReference; lastKnownFileType = sourcecode.swift; path = ViewController.swift; sourceTree = "<group>"; };
		847167841E86DC30006C706C /* Base */ = {isa = PBXFileReference; lastKnownFileType = file.storyboard; name = Base; path = Base.lproj/Main.storyboard; sourceTree = "<group>"; };
		847167871E86DC30006C706C /* CalculateFee.xcdatamodel */ = {isa = PBXFileReference; lastKnownFileType = wrapper.xcdatamodel; path = CalculateFee.xcdatamodel; sourceTree = "<group>"; };
		847167891E86DC30006C706C /* Assets.xcassets */ = {isa = PBXFileReference; lastKnownFileType = folder.assetcatalog; path = Assets.xcassets; sourceTree = "<group>"; };
		8471678C1E86DC30006C706C /* Base */ = {isa = PBXFileReference; lastKnownFileType = file.storyboard; name = Base; path = Base.lproj/LaunchScreen.storyboard; sourceTree = "<group>"; };
		8471678E1E86DC30006C706C /* Info.plist */ = {isa = PBXFileReference; lastKnownFileType = text.plist.xml; path = Info.plist; sourceTree = "<group>"; };
/* End PBXFileReference section */

/* Begin PBXFrameworksBuildPhase section */
		847167791E86DC2F006C706C /* Frameworks */ = {
			isa = PBXFrameworksBuildPhase;
			buildActionMask = 2147483647;
			files = (
			);
			runOnlyForDeploymentPostprocessing = 0;
		};
/* End PBXFrameworksBuildPhase section */

/* Begin PBXGroup section */
		847167731E86DC2F006C706C = {
			isa = PBXGroup;
			children = (
				8471677E1E86DC30006C706C /* CalculateFee */,
				8471677D1E86DC30006C706C /* Products */,
			);
			sourceTree = "<group>";
		};
		8471677D1E86DC30006C706C /* Products */ = {
			isa = PBXGroup;
			children = (
				8471677C1E86DC30006C706C /* CalculateFee.app */,
			);
			name = Products;
			sourceTree = "<group>";
		};
		8471677E1E86DC30006C706C /* CalculateFee */ = {
			isa = PBXGroup;
			children = (
				8471677F1E86DC30006C706C /* AppDelegate.swift */,
				847167811E86DC30006C706C /* ViewController.swift */,
				847167831E86DC30006C706C /* Main.storyboard */,
				847167891E86DC30006C706C /* Assets.xcassets */,
				8471678B1E86DC30006C706C /* LaunchScreen.storyboard */,
				8471678E1E86DC30006C706C /* Info.plist */,
				847167861E86DC30006C706C /* CalculateFee.xcdatamodeld */,
			);
			path = CalculateFee;
			sourceTree = "<group>";
		};
/* End PBXGroup section */

/* Begin PBXNativeTarget section */
		8471677B1E86DC2F006C706C /* CalculateFee */ = {
			isa = PBXNativeTarget;
			buildConfigurationList = 847167911E86DC30006C706C /* Build configuration list for PBXNativeTarget "CalculateFee" */;
			buildPhases = (
				847167781E86DC2F006C706C /* Sources */,
				847167791E86DC2F006C706C /* Frameworks */,
				8471677A1E86DC2F006C706C /* Resources */,
			);
			buildRules = (
			);
			dependencies = (
			);
			name = CalculateFee;
			productName = CalculateFee;
			productReference = 8471677C1E86DC30006C706C /* CalculateFee.app */;
			productType = "com.apple.product-type.application";
		};
/* End PBXNativeTarget section */

/* Begin PBXProject section */
		847167741E86DC2F006C706C /* Project object */ = {
			isa = PBXProject;
			attributes = {
				LastSwiftUpdateCheck = 0820;
				LastUpgradeCheck = 0820;
				ORGANIZATIONNAME = Admin;
				TargetAttributes = {
					8471677B1E86DC2F006C706C = {
						CreatedOnToolsVersion = 8.2.1;
						ProvisioningStyle = Automatic;
					};
				};
			};
			buildConfigurationList = 847167771E86DC2F006C706C /* Build configuration list for PBXProject "CalculateFee" */;
			compatibilityVersion = "Xcode 3.2";
			developmentRegion = English;
			hasScannedForEncodings = 0;
			knownRegions = (
				en,
				Base,
			);
			mainGroup = 847167731E86DC2F006C706C;
			productRefGroup = 8471677D1E86DC30006C706C /* Products */;
			projectDirPath = "";
			projectRoot = "";
			targets = (
				8471677B1E86DC2F006C706C /* CalculateFee */,
			);
		};
/* End PBXProject section */

/* Begin PBXResourcesBuildPhase section */
		8471677A1E86DC2F006C706C /* Resources */ = {
			isa = PBXResourcesBuildPhase;
			buildActionMask = 2147483647;
			files = (
				8471678D1E86DC30006C706C /* LaunchScreen.storyboard in Resources */,
				8471678A1E86DC30006C706C /* Assets.xcassets in Resources */,
				847167851E86DC30006C706C /* Main.storyboard in Resources */,
			);
			runOnlyForDeploymentPostprocessing = 0;
		};
/* End PBXResourcesBuildPhase section */

/* Begin PBXSourcesBuildPhase section */
		847167781E86DC2F006C706C /* Sources */ = {
			isa = PBXSourcesBuildPhase;
			buildActionMask = 2147483647;
			files = (
				847167821E86DC30006C706C /* ViewController.swift in Sources */,
				847167881E86DC30006C706C /* CalculateFee.xcdatamodeld in Sources */,
				847167801E86DC30006C706C /* AppDelegate.swift in Sources */,
			);
			runOnlyForDeploymentPostprocessing = 0;
		};
/* End PBXSourcesBuildPhase section */

/* Begin PBXVariantGroup section */
		847167831E86DC30006C706C /* Main.storyboard */ = {
			isa = PBXVariantGroup;
			children = (
				847167841E86DC30006C706C /* Base */,
			);
			name = Main.storyboard;
			sourceTree = "<group>";
		};
		8471678B1E86DC30006C706C /* LaunchScreen.storyboard */ = {
			isa = PBXVariantGroup;
			children = (
				8471678C1E86DC30006C706C /* Base */,
			);
			name = LaunchScreen.storyboard;
			sourceTree = "<group>";
		};
/* End PBXVariantGroup section */

/* Begin XCBuildConfiguration section */
		8471678F1E86DC30006C706C /* Debug */ = {
			isa = XCBuildConfiguration;
			buildSettings = {
				ALWAYS_SEARCH_USER_PATHS = NO;
				CLANG_ANALYZER_NONNULL = YES;
				CLANG_CXX_LANGUAGE_STANDARD = "gnu++0x";
				CLANG_CXX_LIBRARY = "libc++";
				CLANG_ENABLE_MODULES = YES;
				CLANG_ENABLE_OBJC_ARC = YES;
				CLANG_WARN_BOOL_CONVERSION = YES;
				CLANG_WARN_CONSTANT_CONVERSION = YES;
				CLANG_WARN_DIRECT_OBJC_ISA_USAGE = YES_ERROR;
				CLANG_WARN_DOCUMENTATION_COMMENTS = YES;
				CLANG_WARN_EMPTY_BODY = YES;
				CLANG_WARN_ENUM_CONVERSION = YES;
				CLANG_WARN_INFINITE_RECURSION = YES;
				CLANG_WARN_INT_CONVERSION = YES;
				CLANG_WARN_OBJC_ROOT_CLASS = YES_ERROR;
				CLANG_WARN_SUSPICIOUS_MOVE = YES;
				CLANG_WARN_UNREACHABLE_CODE = YES;
				CLANG_WARN__DUPLICATE_METHOD_MATCH = YES;
				"CODE_SIGN_IDENTITY[sdk=iphoneos*]" = "iPhone Developer";
				COPY_PHASE_STRIP = NO;
				DEBUG_INFORMATION_FORMAT = dwarf;
				ENABLE_STRICT_OBJC_MSGSEND = YES;
				ENABLE_TESTABILITY = YES;
				GCC_C_LANGUAGE_STANDARD = gnu99;
				GCC_DYNAMIC_NO_PIC = NO;
				GCC_NO_COMMON_BLOCKS = YES;
				GCC_OPTIMIZATION_LEVEL = 0;
				GCC_PREPROCESSOR_DEFINITIONS = (
					"DEBUG=1",
					"$(inherited)",
				);
				GCC_WARN_64_TO_32_BIT_CONVERSION = YES;
				GCC_WARN_ABOUT_RETURN_TYPE = YES_ERROR;
				GCC_WARN_UNDECLARED_SELECTOR = YES;
				GCC_WARN_UNINITIALIZED_AUTOS = YES_AGGRESSIVE;
				GCC_WARN_UNUSED_FUNCTION = YES;
				GCC_WARN_UNUSED_VARIABLE = YES;
				IPHONEOS_DEPLOYMENT_TARGET = 10.2;
				MTL_ENABLE_DEBUG_INFO = YES;
				ONLY_ACTIVE_ARCH = YES;
				SDKROOT = iphoneos;
				SWIFT_ACTIVE_COMPILATION_CONDITIONS = DEBUG;
				SWIFT_OPTIMIZATION_LEVEL = "-Onone";
			};
			name = Debug;
		};
		847167901E86DC30006C706C /* Release */ = {
			isa = XCBuildConfiguration;
			buildSettings = {
				ALWAYS_SEARCH_USER_PATHS = NO;
				CLANG_ANALYZER_NONNULL = YES;
				CLANG_CXX_LANGUAGE_STANDARD = "gnu++0x";
				CLANG_CXX_LIBRARY = "libc++";
				CLANG_ENABLE_MODULES = YES;
				CLANG_ENABLE_OBJC_ARC = YES;
				CLANG_WARN_BOOL_CONVERSION = YES;
				CLANG_WARN_CONSTANT_CONVERSION = YES;
				CLANG_WARN_DIRECT_OBJC_ISA_USAGE = YES_ERROR;
				CLANG_WARN_DOCUMENTATION_COMMENTS = YES;
				CLANG_WARN_EMPTY_BODY = YES;
				CLANG_WARN_ENUM_CONVERSION = YES;
				CLANG_WARN_INFINITE_RECURSION = YES;
				CLANG_WARN_INT_CONVERSION = YES;
				CLANG_WARN_OBJC_ROOT_CLASS = YES_ERROR;
				CLANG_WARN_SUSPICIOUS_MOVE = YES;
				CLANG_WARN_UNREACHABLE_CODE = YES;
				CLANG_WARN__DUPLICATE_METHOD_MATCH = YES;
				"CODE_SIGN_IDENTITY[sdk=iphoneos*]" = "iPhone Developer";
				COPY_PHASE_STRIP = NO;
				DEBUG_INFORMATION_FORMAT = "dwarf-with-dsym";
				ENABLE_NS_ASSERTIONS = NO;
				ENABLE_STRICT_OBJC_MSGSEND = YES;
				GCC_C_LANGUAGE_STANDARD = gnu99;
				GCC_NO_COMMON_BLOCKS = YES;
				GCC_WARN_64_TO_32_BIT_CONVERSION = YES;
				GCC_WARN_ABOUT_RETURN_TYPE = YES_ERROR;
				GCC_WARN_UNDECLARED_SELECTOR = YES;
				GCC_WARN_UNINITIALIZED_AUTOS = YES_AGGRESSIVE;
				GCC_WARN_UNUSED_FUNCTION = YES;
				GCC_WARN_UNUSED_VARIABLE = YES;
				IPHONEOS_DEPLOYMENT_TARGET = 10.2;
				MTL_ENABLE_DEBUG_INFO = NO;
				SDKROOT = iphoneos;
				SWIFT_OPTIMIZATION_LEVEL = "-Owholemodule";
				VALIDATE_PRODUCT = YES;
			};
			name = Release;
		};
		847167921E86DC30006C706C /* Debug */ = {
			isa = XCBuildConfiguration;
			buildSettings = {
				ASSETCATALOG_COMPILER_APPICON_NAME = AppIcon;
				INFOPLIST_FILE = CalculateFee/Info.plist;
				LD_RUNPATH_SEARCH_PATHS = "$(inherited) @executable_path/Frameworks";
				PRODUCT_BUNDLE_IDENTIFIER = com.paggieli.CalculateFee;
				PRODUCT_NAME = "$(TARGET_NAME)";
				SWIFT_VERSION = 3.0;
			};
			name = Debug;
		};
		847167931E86DC30006C706C /* Release */ = {
			isa = XCBuildConfiguration;
			buildSettings = {
				ASSETCATALOG_COMPILER_APPICON_NAME = AppIcon;
				INFOPLIST_FILE = CalculateFee/Info.plist;
				LD_RUNPATH_SEARCH_PATHS = "$(inherited) @executable_path/Frameworks";
				PRODUCT_BUNDLE_IDENTIFIER = com.paggieli.CalculateFee;
				PRODUCT_NAME = "$(TARGET_NAME)";
				SWIFT_VERSION = 3.0;
			};
			name = Release;
		};
/* End XCBuildConfiguration section */

/* Begin XCConfigurationList section */
		847167771E86DC2F006C706C /* Build configuration list for PBXProject "CalculateFee" */ = {
			isa = XCConfigurationList;
			buildConfigurations = (
				8471678F1E86DC30006C706C /* Debug */,
				847167901E86DC30006C706C /* Release */,
			);
			defaultConfigurationIsVisible = 0;
			defaultConfigurationName = Release;
		};
		847167911E86DC30006C706C /* Build configuration list for PBXNativeTarget "CalculateFee" */ = {
			isa = XCConfigurationList;
			buildConfigurations = (
				847167921E86DC30006C706C /* Debug */,
				847167931E86DC30006C706C /* Release */,
			);
			defaultConfigurationIsVisible = 0;
		};
/* End XCConfigurationList section */

/* Begin XCVersionGroup section */
		847167861E86DC30006C706C /* CalculateFee.xcdatamodeld */ = {
			isa = XCVersionGroup;
			children = (
				847167871E86DC30006C706C /* CalculateFee.xcdatamodel */,
			);
			currentVersion = 847167871E86DC30006C706C /* CalculateFee.xcdatamodel */;
			path = CalculateFee.xcdatamodeld;
			sourceTree = "<group>";
			versionGroupType = wrapper.xcdatamodel;
		};
/* End XCVersionGroup section */
	};
	rootObject = 847167741E86DC2F006C706C /* Project object */;
}
